
Microsoft Visual Studio Solution File, Format Version 12.00
# Visual Studio Version 16
VisualStudioVersion = 16.0.31727.386
MinimumVisualStudioVersion = 10.0.40219.1
Project("{FAE04EC0-301F-11D3-BF4B-00C04F79EFBC}") = "ScreenReaderPOC", "ScreenReaderPOC\ScreenReaderPOC.csproj", "{296B28A3-5AE6-47DD-8ED6-A07574C9427E}"
EndProject
Project("{FAE04EC0-301F-11D3-BF4B-00C04F79EFBC}") = "NonInvasiveKeyboardHookLibrary", "NonInvasiveKeyboardHookLibrary\NonInvasiveKeyboardHookLibrary.csproj", "{0DF3EABA-2C33-4E77-B2DB-B6D23146EDAB}"
EndProject
Global
	GlobalSection(SolutionConfigurationPlatforms) = preSolution
		Debug|Any CPU = Debug|Any CPU
		Release|Any CPU = Release|Any CPU
	EndGlobalSection
	GlobalSection(ProjectConfigurationPlatforms) = postSolution
		{296B28A3-5AE6-47DD-8ED6-A07574C9427E}.Debug|Any CPU.ActiveCfg = Debug|Any CPU
		{296B28A3-5AE6-47DD-8ED6-A07574C9427E}.Debug|Any CPU.Build.0 = Debug|Any CPU
		{296B28A3-5AE6-47DD-8ED6-A07574C9427E}.Release|Any CPU.ActiveCfg = Release|Any CPU
		{296B28A3-5AE6-47DD-8ED6-A07574C9427E}.Release|Any CPU.Build.0 = Release|Any CPU
		{0DF3EABA-2C33-4E77-B2DB-B6D23146EDAB}.Debug|Any CPU.ActiveCfg = Debug|Any CPU
		{0DF3EABA-2C33-4E77-B2DB-B6D23146EDAB}.Debug|Any CPU.Build.0 = Debug|Any CPU
		{0DF3EABA-2C33-4E77-B2DB-B6D23146EDAB}.Release|Any CPU.ActiveCfg = Release|Any CPU
		{0DF3EABA-2C33-4E77-B2DB-B6D23146EDAB}.Release|Any CPU.Build.0 = Release|Any CPU
	EndGlobalSection
	GlobalSection(SolutionProperties) = preSolution
		HideSolutionNode = FALSE
	EndGlobalSection
	GlobalSection(ExtensibilityGlobals) = postSolution
		SolutionGuid = {75817B3B-D41B-4295-A588-CD20A6195F60}
	EndGlobalSection
EndGlobal
